
Microsoft Visual Studio Solution File, Format Version 12.00
# Visual Studio Version 16
VisualStudioVersion = 16.0.30524.135
MinimumVisualStudioVersion = 10.0.40219.1
Project("{FAE04EC0-301F-11D3-BF4B-00C04F79EFBC}") = "ManyToManyDotNet5", "ManyToManyDotNet5\ManyToManyDotNet5.csproj", "{36C99CF0-B6F2-4C1F-89C0-5498299CCD2D}"
EndProject
Global
	GlobalSection(SolutionConfigurationPlatforms) = preSolution
		Debug|Any CPU = Debug|Any CPU
		Release|Any CPU = Release|Any CPU
	EndGlobalSection
	GlobalSection(ProjectConfigurationPlatforms) = postSolution
		{36C99CF0-B6F2-4C1F-89C0-5498299CCD2D}.Debug|Any CPU.ActiveCfg = Debug|Any CPU
		{36C99CF0-B6F2-4C1F-89C0-5498299CCD2D}.Debug|Any CPU.Build.0 = Debug|Any CPU
		{36C99CF0-B6F2-4C1F-89C0-5498299CCD2D}.Release|Any CPU.ActiveCfg = Release|Any CPU
		{36C99CF0-B6F2-4C1F-89C0-5498299CCD2D}.Release|Any CPU.Build.0 = Release|Any CPU
	EndGlobalSection
	GlobalSection(SolutionProperties) = preSolution
		HideSolutionNode = FALSE
	EndGlobalSection
	GlobalSection(ExtensibilityGlobals) = postSolution
		SolutionGuid = {4F59A426-ABFA-4696-BB5C-BBABCB1ABB73}
	EndGlobalSection
EndGlobal
